{
    "_readme": [
        "This file locks the dependencies of your project to a known state",
        "Read more about it at https://getcomposer.org/doc/01-basic-usage.md#composer-lock-the-lock-file",
        "This file is @generated automatically"
    ],
    "content-hash": "6fc0909b77bd1e61cd175cf148756452",
    "packages": [
        {
            "name": "levitarmouse/common_tools",
            "version": "dev-dev",
            "source": {
                "type": "git",
                "url": "https://github.com/levitarmouse/COMMON_TOOLS.git",
                "reference": "0e52a24bd979d086cc91b7f77046ba86ff04a957"
            },
            "dist": {
                "type": "zip",
                "url": "https://api.github.com/repos/levitarmouse/COMMON_TOOLS/zipball/0e52a24bd979d086cc91b7f77046ba86ff04a957",
                "reference": "0e52a24bd979d086cc91b7f77046ba86ff04a957",
                "shasum": ""
            },
            "require": {
                "levitarmouse/core": "dev-dev",
                "php": ">=5.3.3"
            },
            "type": "library",
            "notification-url": "https://packagist.org/downloads/",
            "license": [
                "proprietary"
            ],
            "authors": [
                {
                    "name": "Gabriel Prieto",
                    "email": "levitarmouse@gmail.com"
                }
            ],
            "description": "Group of reusable classes. Uses PHPMAILER, development of Andy Prevost and Marcus Bointon. Thanks to both.",
            "time": "2017-04-25 21:27:18"
        },
        {
            "name": "levitarmouse/core",
            "version": "dev-dev",
            "source": {
                "type": "git",
                "url": "https://github.com/levitarmouse/KISS-CORE.git",
                "reference": "c8e0e53aff8902fbc136d81299511b0e07e82d53"
            },
            "dist": {
                "type": "zip",
                "url": "https://api.github.com/repos/levitarmouse/KISS-CORE/zipball/c8e0e53aff8902fbc136d81299511b0e07e82d53",
                "reference": "c8e0e53aff8902fbc136d81299511b0e07e82d53",
                "shasum": ""
            },
            "require": {
                "php": ">=5.3.3"
            },
            "type": "library",
            "notification-url": "https://packagist.org/downloads/",
            "license": [
                "proprietary"
            ],
            "authors": [
                {
                    "name": "Gabriel Prieto",
                    "email": "levitarmouse@gmail.com"
                }
            ],
            "description": "La simple base de algunos componentes",
            "time": "2017-06-25 23:47:42"
        },
        {
            "name": "levitarmouse/kiss_orm",
            "version": "dev-dev",
            "source": {
                "type": "git",
                "url": "https://github.com/levitarmouse/KISS-ORM",
                "reference": "3bdb1ce2b7f3d69e4ad094fbfe6445a0f3d4c661"
            },
            "require": {
                "levitarmouse/core": "dev-dev",
                "php": ">=5.3.3"
            },
            "type": "library",
            "scripts": {
                "post-update-cmd": [],
                "post-package-install": [],
                "post-install-cmd": [],
                "post-autoload-dump": [],
                "post-create-project-cmd": []
            },
            "license": [
                "proprietary"
            ],
            "authors": [
                {
                    "name": "Gabriel Prieto",
                    "email": "levitarmouse@gmail.com"
                }
            ],
            "description": "Active record ORM",
            "time": "2017-06-25 23:43:37"
        },
        {
            "name": "levitarmouse/kiss_rest",
            "version": "dev-dev",
            "source": {
                "type": "git",
                "url": "https://github.com/levitarmouse/KISS-REST",
                "reference": "aebb037597ad80ec4bb2bfd91f3b06c6931d1f74"
            },
            "require": {
                "levitarmouse/common_tools": "dev-dev",
                "levitarmouse/core": "dev-dev",
                "php": ">=5.3.3"
            },
            "type": "library",
            "scripts": {
                "post-update-cmd": [
                    ""
                ],
                "post-package-install": [
                    "./permisos.sh"
                ],
                "post-install-cmd": [
                    "./permisos.sh"
                ],
                "post-autoload-dump": [
                    "./permisos.sh"
                ],
                "post-create-project-cmd": [
                    "./permisos.sh"
                ]
            },
            "license": [
                "proprietary"
            ],
            "authors": [
                {
                    "name": "gabriel",
                    "email": "levitarmouse@gmail.com"
                }
            ],
            "description": "Micro Framework para gestión de API REST",
            "time": "2017-06-25 23:44:54"
        }
    ],
    "packages-dev": [],
    "aliases": [],
    "minimum-stability": "dev",
    "stability-flags": {
        "levitarmouse/kiss_rest": 20,
        "levitarmouse/kiss_orm": 20
    },
    "prefer-stable": false,
    "prefer-lowest": false,
    "platform": {
        "php": ">=5.3.3"
    },
    "platform-dev": []
}
